[[package]]
name = "logging"
version = "0.4.9.6"
description = "A logging module for Python"
category = "main"
optional = false
python-versions = "*"

[metadata]
lock-version = "1.1"
python-versions = "*"
content-hash = "275c74d015e134c5b55a327f9471f4f9650b5ef438f420c202aec42c1045c484"

[metadata.files]
logging = [
    {file = "logging-0.4.9.6.tar.gz", hash = "sha256:26f6b50773f085042d301085bd1bf5d9f3735704db9f37c1ce6d8b85c38f2417"},
]
